PODS:
  - CryptoSwift (0.6.0)
  - Nimble (5.0.0)
  - Quick (0.10.0)
  - Starscream (2.0.0)
  - Swamp (0.2.0):
    - CryptoSwift (~> 0.6.0)
    - Starscream (~> 2.0.0)
    - SwiftyJSON (~> 3.1.0)
  - SwiftyJSON (3.1.0)

DEPENDENCIES:
  - Nimble (~> 5.0.0)
  - Quick (~> 0.10.0)
  - Swamp (from `../`)

EXTERNAL SOURCES:
  Swamp:
    :path: ../

SPEC CHECKSUMS:
  CryptoSwift: 4a599b7241b8d3b857d6e2c28867d0bd5d1aae24
  Nimble: 56fc9f5020effa2206de22c3dd910f4fb011b92f
  Quick: 5d290df1c69d5ee2f0729956dcf0fd9a30447eaa
  Starscream: 947c865596f0d6bb3f0203fee23228ed2d471468
  Swamp: c702bf2d26f3e4d379321a481fcd807037e173fc
  SwiftyJSON: 29b9f2a64f118c07e691667c2ba1efe536acfe0b

PODFILE CHECKSUM: e3b6ef0c1caa7b4561126a7c54ecbe4decc7f9bc

COCOAPODS: 1.1.0.rc.2
