// !$*UTF8*$!
{
	archiveVersion = 1;
	classes = {
	};
	objectVersion = 46;
	objects = {

/* Begin PBXBuildFile section */
		86072F1A5C300E694B7122C5 /* Pods_Swamp_Test_iOS.framework in Frameworks */ = {isa = PBXBuildFile; fileRef = 4800D4FC011899D3ED02E1CC /* Pods_Swamp_Test_iOS.framework */; };
		905F75C31D80A3FE00D16B4F /* CrossbarIntegrationTests.swift in Sources */ = {isa = PBXBuildFile; fileRef = 607FACEB1AFB9204008FA782 /* CrossbarIntegrationTests.swift */; };
		90E731CD1D6F9D4900576F4E /* CrossbarIntegrationTests.swift in Sources */ = {isa = PBXBuildFile; fileRef = 607FACEB1AFB9204008FA782 /* CrossbarIntegrationTests.swift */; };
		A932AEB03A1B1693D0A09339 /* Pods_Swamp_Test_OSX.framework in Frameworks */ = {isa = PBXBuildFile; fileRef = 8BEC58BAC5686C04F18582A1 /* Pods_Swamp_Test_OSX.framework */; };
/* End PBXBuildFile section */

/* Begin PBXFileReference section */
		0880B220D3579A5AAB37A6ED /* Pods-Swamp_Test.debug.xcconfig */ = {isa = PBXFileReference; includeInIndex = 1; lastKnownFileType = text.xcconfig; name = "Pods-Swamp_Test.debug.xcconfig"; path = "Pods/Target Support Files/Pods-Swamp_Test/Pods-Swamp_Test.debug.xcconfig"; sourceTree = "<group>"; };
		16152E2FE6C445D5B2CAFA94 /* README.md */ = {isa = PBXFileReference; includeInIndex = 1; lastKnownFileType = net.daringfireball.markdown; name = README.md; path = ../README.md; sourceTree = "<group>"; };
		1708627085AAAA08ABB2AFEE /* Pods_Swamp_Tests.framework */ = {isa = PBXFileReference; explicitFileType = wrapper.framework; includeInIndex = 0; path = Pods_Swamp_Tests.framework; sourceTree = BUILT_PRODUCTS_DIR; };
		26284DED9FB8CC6A668B5C8E /* Pods_Swamp_Test.framework */ = {isa = PBXFileReference; explicitFileType = wrapper.framework; includeInIndex = 0; path = Pods_Swamp_Test.framework; sourceTree = BUILT_PRODUCTS_DIR; };
		3A5C237B6AD207500C7D17B9 /* LICENSE */ = {isa = PBXFileReference; includeInIndex = 1; lastKnownFileType = text; name = LICENSE; path = ../LICENSE; sourceTree = "<group>"; };
		3AB4C92139339D32C425FAC2 /* Pods-Swamp_Example.release.xcconfig */ = {isa = PBXFileReference; includeInIndex = 1; lastKnownFileType = text.xcconfig; name = "Pods-Swamp_Example.release.xcconfig"; path = "Pods/Target Support Files/Pods-Swamp_Example/Pods-Swamp_Example.release.xcconfig"; sourceTree = "<group>"; };
		4800D4FC011899D3ED02E1CC /* Pods_Swamp_Test_iOS.framework */ = {isa = PBXFileReference; explicitFileType = wrapper.framework; includeInIndex = 0; path = Pods_Swamp_Test_iOS.framework; sourceTree = BUILT_PRODUCTS_DIR; };
		48726F202691181F910B1369 /* Pods-Swamp_Tests.debug.xcconfig */ = {isa = PBXFileReference; includeInIndex = 1; lastKnownFileType = text.xcconfig; name = "Pods-Swamp_Tests.debug.xcconfig"; path = "Pods/Target Support Files/Pods-Swamp_Tests/Pods-Swamp_Tests.debug.xcconfig"; sourceTree = "<group>"; };
		498158551EAAE2C6131AAF9A /* Pods-Swamp_Test-iOS.release.xcconfig */ = {isa = PBXFileReference; includeInIndex = 1; lastKnownFileType = text.xcconfig; name = "Pods-Swamp_Test-iOS.release.xcconfig"; path = "Pods/Target Support Files/Pods-Swamp_Test-iOS/Pods-Swamp_Test-iOS.release.xcconfig"; sourceTree = "<group>"; };
		4AD1BE9FC1F753ADAD9C5B23 /* Pods_Swamp_Example.framework */ = {isa = PBXFileReference; explicitFileType = wrapper.framework; includeInIndex = 0; path = Pods_Swamp_Example.framework; sourceTree = BUILT_PRODUCTS_DIR; };
		58257FB16F81E51144A25438 /* Swamp.podspec */ = {isa = PBXFileReference; includeInIndex = 1; lastKnownFileType = text; name = Swamp.podspec; path = ../Swamp.podspec; sourceTree = "<group>"; };
		607FACEA1AFB9204008FA782 /* Info.plist */ = {isa = PBXFileReference; lastKnownFileType = text.plist.xml; path = Info.plist; sourceTree = "<group>"; };
		607FACEB1AFB9204008FA782 /* CrossbarIntegrationTests.swift */ = {isa = PBXFileReference; lastKnownFileType = sourcecode.swift; path = CrossbarIntegrationTests.swift; sourceTree = "<group>"; };
		7B0989EAF275BAC557AE8871 /* Pods-Swamp_Example.debug.xcconfig */ = {isa = PBXFileReference; includeInIndex = 1; lastKnownFileType = text.xcconfig; name = "Pods-Swamp_Example.debug.xcconfig"; path = "Pods/Target Support Files/Pods-Swamp_Example/Pods-Swamp_Example.debug.xcconfig"; sourceTree = "<group>"; };
		8BEC58BAC5686C04F18582A1 /* Pods_Swamp_Test_OSX.framework */ = {isa = PBXFileReference; explicitFileType = wrapper.framework; includeInIndex = 0; path = Pods_Swamp_Test_OSX.framework; sourceTree = BUILT_PRODUCTS_DIR; };
		905F75BA1D80A36400D16B4F /* Swamp_Test-OSX.xctest */ = {isa = PBXFileReference; explicitFileType = wrapper.cfbundle; includeInIndex = 0; path = "Swamp_Test-OSX.xctest"; sourceTree = BUILT_PRODUCTS_DIR; };
		90C62EE61D772F6D00916DDF /* config.json */ = {isa = PBXFileReference; lastKnownFileType = text.json; path = config.json; sourceTree = "<group>"; };
		90E731C51D6F9CC900576F4E /* Swamp_Test-iOS.xctest */ = {isa = PBXFileReference; explicitFileType = wrapper.cfbundle; includeInIndex = 0; path = "Swamp_Test-iOS.xctest"; sourceTree = BUILT_PRODUCTS_DIR; };
		960F152CF4FE0BB564BFE954 /* Pods-Swamp_Tests.release.xcconfig */ = {isa = PBXFileReference; includeInIndex = 1; lastKnownFileType = text.xcconfig; name = "Pods-Swamp_Tests.release.xcconfig"; path = "Pods/Target Support Files/Pods-Swamp_Tests/Pods-Swamp_Tests.release.xcconfig"; sourceTree = "<group>"; };
		9A75A2F3D4175764613CBB19 /* Pods-Swamp_Test.release.xcconfig */ = {isa = PBXFileReference; includeInIndex = 1; lastKnownFileType = text.xcconfig; name = "Pods-Swamp_Test.release.xcconfig"; path = "Pods/Target Support Files/Pods-Swamp_Test/Pods-Swamp_Test.release.xcconfig"; sourceTree = "<group>"; };
		D48C9723737FF36EDCB8AB1C /* Pods-Swamp_Test-OSX.release.xcconfig */ = {isa = PBXFileReference; includeInIndex = 1; lastKnownFileType = text.xcconfig; name = "Pods-Swamp_Test-OSX.release.xcconfig"; path = "Pods/Target Support Files/Pods-Swamp_Test-OSX/Pods-Swamp_Test-OSX.release.xcconfig"; sourceTree = "<group>"; };
		D8BF0BCCBA0C751329C81D1D /* Pods-Swamp_Test-iOS.debug.xcconfig */ = {isa = PBXFileReference; includeInIndex = 1; lastKnownFileType = text.xcconfig; name = "Pods-Swamp_Test-iOS.debug.xcconfig"; path = "Pods/Target Support Files/Pods-Swamp_Test-iOS/Pods-Swamp_Test-iOS.debug.xcconfig"; sourceTree = "<group>"; };
		DF43C6C0443AB81B62B4C950 /* Pods-Swamp_Test-OSX.debug.xcconfig */ = {isa = PBXFileReference; includeInIndex = 1; lastKnownFileType = text.xcconfig; name = "Pods-Swamp_Test-OSX.debug.xcconfig"; path = "Pods/Target Support Files/Pods-Swamp_Test-OSX/Pods-Swamp_Test-OSX.debug.xcconfig"; sourceTree = "<group>"; };
/* End PBXFileReference section */

/* Begin PBXFrameworksBuildPhase section */
		905F75B71D80A36400D16B4F /* Frameworks */ = {
			isa = PBXFrameworksBuildPhase;
			buildActionMask = 2147483647;
			files = (
				A932AEB03A1B1693D0A09339 /* Pods_Swamp_Test_OSX.framework in Frameworks */,
			);
			runOnlyForDeploymentPostprocessing = 0;
		};
		90E731C21D6F9CC900576F4E /* Frameworks */ = {
			isa = PBXFrameworksBuildPhase;
			buildActionMask = 2147483647;
			files = (
				86072F1A5C300E694B7122C5 /* Pods_Swamp_Test_iOS.framework in Frameworks */,
			);
			runOnlyForDeploymentPostprocessing = 0;
		};
/* End PBXFrameworksBuildPhase section */

/* Begin PBXGroup section */
		4B84948121D2D4D0BD75DA6D /* Frameworks */ = {
			isa = PBXGroup;
			children = (
				4AD1BE9FC1F753ADAD9C5B23 /* Pods_Swamp_Example.framework */,
				1708627085AAAA08ABB2AFEE /* Pods_Swamp_Tests.framework */,
				26284DED9FB8CC6A668B5C8E /* Pods_Swamp_Test.framework */,
				8BEC58BAC5686C04F18582A1 /* Pods_Swamp_Test_OSX.framework */,
				4800D4FC011899D3ED02E1CC /* Pods_Swamp_Test_iOS.framework */,
			);
			name = Frameworks;
			sourceTree = "<group>";
		};
		607FACC71AFB9204008FA782 = {
			isa = PBXGroup;
			children = (
				90C62EE31D772E7700916DDF /* node */,
				607FACF51AFB993E008FA782 /* Podspec Metadata */,
				607FACE81AFB9204008FA782 /* Tests */,
				607FACD11AFB9204008FA782 /* Products */,
				F0C018509F6A8F3C889681D0 /* Pods */,
				4B84948121D2D4D0BD75DA6D /* Frameworks */,
			);
			sourceTree = "<group>";
		};
		607FACD11AFB9204008FA782 /* Products */ = {
			isa = PBXGroup;
			children = (
				90E731C51D6F9CC900576F4E /* Swamp_Test-iOS.xctest */,
				905F75BA1D80A36400D16B4F /* Swamp_Test-OSX.xctest */,
			);
			name = Products;
			sourceTree = "<group>";
		};
		607FACE81AFB9204008FA782 /* Tests */ = {
			isa = PBXGroup;
			children = (
				607FACEB1AFB9204008FA782 /* CrossbarIntegrationTests.swift */,
				607FACE91AFB9204008FA782 /* Supporting Files */,
			);
			path = Tests;
			sourceTree = "<group>";
		};
		607FACE91AFB9204008FA782 /* Supporting Files */ = {
			isa = PBXGroup;
			children = (
				607FACEA1AFB9204008FA782 /* Info.plist */,
			);
			name = "Supporting Files";
			sourceTree = "<group>";
		};
		607FACF51AFB993E008FA782 /* Podspec Metadata */ = {
			isa = PBXGroup;
			children = (
				58257FB16F81E51144A25438 /* Swamp.podspec */,
				16152E2FE6C445D5B2CAFA94 /* README.md */,
				3A5C237B6AD207500C7D17B9 /* LICENSE */,
			);
			name = "Podspec Metadata";
			sourceTree = "<group>";
		};
		90C62EE31D772E7700916DDF /* node */ = {
			isa = PBXGroup;
			children = (
				90C62EE51D772F4C00916DDF /* .crossbar */,
			);
			path = node;
			sourceTree = "<group>";
		};
		90C62EE51D772F4C00916DDF /* .crossbar */ = {
			isa = PBXGroup;
			children = (
				90C62EE61D772F6D00916DDF /* config.json */,
			);
			path = .crossbar;
			sourceTree = "<group>";
		};
		F0C018509F6A8F3C889681D0 /* Pods */ = {
			isa = PBXGroup;
			children = (
				7B0989EAF275BAC557AE8871 /* Pods-Swamp_Example.debug.xcconfig */,
				3AB4C92139339D32C425FAC2 /* Pods-Swamp_Example.release.xcconfig */,
				48726F202691181F910B1369 /* Pods-Swamp_Tests.debug.xcconfig */,
				960F152CF4FE0BB564BFE954 /* Pods-Swamp_Tests.release.xcconfig */,
				0880B220D3579A5AAB37A6ED /* Pods-Swamp_Test.debug.xcconfig */,
				9A75A2F3D4175764613CBB19 /* Pods-Swamp_Test.release.xcconfig */,
				DF43C6C0443AB81B62B4C950 /* Pods-Swamp_Test-OSX.debug.xcconfig */,
				D48C9723737FF36EDCB8AB1C /* Pods-Swamp_Test-OSX.release.xcconfig */,
				D8BF0BCCBA0C751329C81D1D /* Pods-Swamp_Test-iOS.debug.xcconfig */,
				498158551EAAE2C6131AAF9A /* Pods-Swamp_Test-iOS.release.xcconfig */,
			);
			name = Pods;
			sourceTree = "<group>";
		};
/* End PBXGroup section */

/* Begin PBXNativeTarget section */
		905F75B91D80A36400D16B4F /* Swamp_Test-OSX */ = {
			isa = PBXNativeTarget;
			buildConfigurationList = 905F75C11D80A36400D16B4F /* Build configuration list for PBXNativeTarget "Swamp_Test-OSX" */;
			buildPhases = (
				08D2B28C3702FEBAF80BD920 /* [CP] Check Pods Manifest.lock */,
				905F75B61D80A36400D16B4F /* Sources */,
				905F75B71D80A36400D16B4F /* Frameworks */,
				905F75B81D80A36400D16B4F /* Resources */,
				C1D3AAB9A61FEA73ACA7A1A2 /* [CP] Embed Pods Frameworks */,
				6B913679CCC22EDB64FC33BF /* [CP] Copy Pods Resources */,
			);
			buildRules = (
			);
			dependencies = (
			);
			name = "Swamp_Test-OSX";
			productName = "Swamp_Test-OSX";
			productReference = 905F75BA1D80A36400D16B4F /* Swamp_Test-OSX.xctest */;
			productType = "com.apple.product-type.bundle.unit-test";
		};
		90E731C41D6F9CC900576F4E /* Swamp_Test-iOS */ = {
			isa = PBXNativeTarget;
			buildConfigurationList = 90E731CA1D6F9CC900576F4E /* Build configuration list for PBXNativeTarget "Swamp_Test-iOS" */;
			buildPhases = (
				12A41C7E59A489BEDB4ABC1D /* [CP] Check Pods Manifest.lock */,
				90E731C11D6F9CC900576F4E /* Sources */,
				90E731C21D6F9CC900576F4E /* Frameworks */,
				90E731C31D6F9CC900576F4E /* Resources */,
				35A6822C160B6FE624B5D19D /* [CP] Embed Pods Frameworks */,
				4E7311C7DC471E6335077572 /* [CP] Copy Pods Resources */,
			);
			buildRules = (
			);
			dependencies = (
			);
			name = "Swamp_Test-iOS";
			productName = Swamp_Test;
			productReference = 90E731C51D6F9CC900576F4E /* Swamp_Test-iOS.xctest */;
			productType = "com.apple.product-type.bundle.unit-test";
		};
/* End PBXNativeTarget section */

/* Begin PBXProject section */
		607FACC81AFB9204008FA782 /* Project object */ = {
			isa = PBXProject;
			attributes = {
				LastSwiftUpdateCheck = 0730;
				LastUpgradeCheck = 0910;
				ORGANIZATIONNAME = CocoaPods;
				TargetAttributes = {
					905F75B91D80A36400D16B4F = {
						CreatedOnToolsVersion = 7.3.1;
					};
					90E731C41D6F9CC900576F4E = {
						CreatedOnToolsVersion = 7.3.1;
						LastSwiftMigration = 0910;
					};
				};
			};
			buildConfigurationList = 607FACCB1AFB9204008FA782 /* Build configuration list for PBXProject "Swamp" */;
			compatibilityVersion = "Xcode 3.2";
			developmentRegion = English;
			hasScannedForEncodings = 0;
			knownRegions = (
				en,
			);
			mainGroup = 607FACC71AFB9204008FA782;
			productRefGroup = 607FACD11AFB9204008FA782 /* Products */;
			projectDirPath = "";
			projectRoot = "";
			targets = (
				90E731C41D6F9CC900576F4E /* Swamp_Test-iOS */,
				905F75B91D80A36400D16B4F /* Swamp_Test-OSX */,
			);
		};
/* End PBXProject section */

/* Begin PBXResourcesBuildPhase section */
		905F75B81D80A36400D16B4F /* Resources */ = {
			isa = PBXResourcesBuildPhase;
			buildActionMask = 2147483647;
			files = (
			);
			runOnlyForDeploymentPostprocessing = 0;
		};
		90E731C31D6F9CC900576F4E /* Resources */ = {
			isa = PBXResourcesBuildPhase;
			buildActionMask = 2147483647;
			files = (
			);
			runOnlyForDeploymentPostprocessing = 0;
		};
/* End PBXResourcesBuildPhase section */

/* Begin PBXShellScriptBuildPhase section */
		08D2B28C3702FEBAF80BD920 /* [CP] Check Pods Manifest.lock */ = {
			isa = PBXShellScriptBuildPhase;
			buildActionMask = 2147483647;
			files = (
			);
			inputPaths = (
				"${PODS_PODFILE_DIR_PATH}/Podfile.lock",
				"${PODS_ROOT}/Manifest.lock",
			);
			name = "[CP] Check Pods Manifest.lock";
			outputPaths = (
				"$(DERIVED_FILE_DIR)/Pods-Swamp_Test-OSX-checkManifestLockResult.txt",
			);
			runOnlyForDeploymentPostprocessing = 0;
			shellPath = /bin/sh;
			shellScript = "diff \"${PODS_PODFILE_DIR_PATH}/Podfile.lock\" \"${PODS_ROOT}/Manifest.lock\" > /dev/null\nif [ $? != 0 ] ; then\n    # print error to STDERR\n    echo \"error: The sandbox is not in sync with the Podfile.lock. Run 'pod install' or update your CocoaPods installation.\" >&2\n    exit 1\nfi\n# This output is used by Xcode 'outputs' to avoid re-running this script phase.\necho \"SUCCESS\" > \"${SCRIPT_OUTPUT_FILE_0}\"\n";
			showEnvVarsInLog = 0;
		};
		12A41C7E59A489BEDB4ABC1D /* [CP] Check Pods Manifest.lock */ = {
			isa = PBXShellScriptBuildPhase;
			buildActionMask = 2147483647;
			files = (
			);
			inputPaths = (
				"${PODS_PODFILE_DIR_PATH}/Podfile.lock",
				"${PODS_ROOT}/Manifest.lock",
			);
			name = "[CP] Check Pods Manifest.lock";
			outputPaths = (
				"$(DERIVED_FILE_DIR)/Pods-Swamp_Test-iOS-checkManifestLockResult.txt",
			);
			runOnlyForDeploymentPostprocessing = 0;
			shellPath = /bin/sh;
			shellScript = "diff \"${PODS_PODFILE_DIR_PATH}/Podfile.lock\" \"${PODS_ROOT}/Manifest.lock\" > /dev/null\nif [ $? != 0 ] ; then\n    # print error to STDERR\n    echo \"error: The sandbox is not in sync with the Podfile.lock. Run 'pod install' or update your CocoaPods installation.\" >&2\n    exit 1\nfi\n# This output is used by Xcode 'outputs' to avoid re-running this script phase.\necho \"SUCCESS\" > \"${SCRIPT_OUTPUT_FILE_0}\"\n";
			showEnvVarsInLog = 0;
		};
		35A6822C160B6FE624B5D19D /* [CP] Embed Pods Frameworks */ = {
			isa = PBXShellScriptBuildPhase;
			buildActionMask = 2147483647;
			files = (
			);
			inputPaths = (
				"${SRCROOT}/Pods/Target Support Files/Pods-Swamp_Test-iOS/Pods-Swamp_Test-iOS-frameworks.sh",
				"${BUILT_PRODUCTS_DIR}/CryptoSwift/CryptoSwift.framework",
				"${BUILT_PRODUCTS_DIR}/Nimble/Nimble.framework",
				"${BUILT_PRODUCTS_DIR}/Quick/Quick.framework",
				"${BUILT_PRODUCTS_DIR}/Starscream/Starscream.framework",
				"${BUILT_PRODUCTS_DIR}/Swamp/Swamp.framework",
			);
			name = "[CP] Embed Pods Frameworks";
			outputPaths = (
				"${TARGET_BUILD_DIR}/${FRAMEWORKS_FOLDER_PATH}/CryptoSwift.framework",
				"${TARGET_BUILD_DIR}/${FRAMEWORKS_FOLDER_PATH}/Nimble.framework",
				"${TARGET_BUILD_DIR}/${FRAMEWORKS_FOLDER_PATH}/Quick.framework",
				"${TARGET_BUILD_DIR}/${FRAMEWORKS_FOLDER_PATH}/Starscream.framework",
				"${TARGET_BUILD_DIR}/${FRAMEWORKS_FOLDER_PATH}/Swamp.framework",
			);
			runOnlyForDeploymentPostprocessing = 0;
			shellPath = /bin/sh;
			shellScript = "\"${SRCROOT}/Pods/Target Support Files/Pods-Swamp_Test-iOS/Pods-Swamp_Test-iOS-frameworks.sh\"\n";
			showEnvVarsInLog = 0;
		};
		4E7311C7DC471E6335077572 /* [CP] Copy Pods Resources */ = {
			isa = PBXShellScriptBuildPhase;
			buildActionMask = 2147483647;
			files = (
			);
			inputPaths = (
			);
			name = "[CP] Copy Pods Resources";
			outputPaths = (
			);
			runOnlyForDeploymentPostprocessing = 0;
			shellPath = /bin/sh;
			shellScript = "\"${SRCROOT}/Pods/Target Support Files/Pods-Swamp_Test-iOS/Pods-Swamp_Test-iOS-resources.sh\"\n";
			showEnvVarsInLog = 0;
		};
		6B913679CCC22EDB64FC33BF /* [CP] Copy Pods Resources */ = {
			isa = PBXShellScriptBuildPhase;
			buildActionMask = 2147483647;
			files = (
			);
			inputPaths = (
			);
			name = "[CP] Copy Pods Resources";
			outputPaths = (
			);
			runOnlyForDeploymentPostprocessing = 0;
			shellPath = /bin/sh;
			shellScript = "\"${SRCROOT}/Pods/Target Support Files/Pods-Swamp_Test-OSX/Pods-Swamp_Test-OSX-resources.sh\"\n";
			showEnvVarsInLog = 0;
		};
		C1D3AAB9A61FEA73ACA7A1A2 /* [CP] Embed Pods Frameworks */ = {
			isa = PBXShellScriptBuildPhase;
			buildActionMask = 2147483647;
			files = (
			);
			inputPaths = (
				"${SRCROOT}/Pods/Target Support Files/Pods-Swamp_Test-OSX/Pods-Swamp_Test-OSX-frameworks.sh",
				"${BUILT_PRODUCTS_DIR}/CryptoSwift/CryptoSwift.framework",
				"${BUILT_PRODUCTS_DIR}/Nimble/Nimble.framework",
				"${BUILT_PRODUCTS_DIR}/Quick/Quick.framework",
				"${BUILT_PRODUCTS_DIR}/Starscream/Starscream.framework",
				"${BUILT_PRODUCTS_DIR}/Swamp/Swamp.framework",
			);
			name = "[CP] Embed Pods Frameworks";
			outputPaths = (
				"${TARGET_BUILD_DIR}/${FRAMEWORKS_FOLDER_PATH}/CryptoSwift.framework",
				"${TARGET_BUILD_DIR}/${FRAMEWORKS_FOLDER_PATH}/Nimble.framework",
				"${TARGET_BUILD_DIR}/${FRAMEWORKS_FOLDER_PATH}/Quick.framework",
				"${TARGET_BUILD_DIR}/${FRAMEWORKS_FOLDER_PATH}/Starscream.framework",
				"${TARGET_BUILD_DIR}/${FRAMEWORKS_FOLDER_PATH}/Swamp.framework",
			);
			runOnlyForDeploymentPostprocessing = 0;
			shellPath = /bin/sh;
			shellScript = "\"${SRCROOT}/Pods/Target Support Files/Pods-Swamp_Test-OSX/Pods-Swamp_Test-OSX-frameworks.sh\"\n";
			showEnvVarsInLog = 0;
		};
/* End PBXShellScriptBuildPhase section */

/* Begin PBXSourcesBuildPhase section */
		905F75B61D80A36400D16B4F /* Sources */ = {
			isa = PBXSourcesBuildPhase;
			buildActionMask = 2147483647;
			files = (
				905F75C31D80A3FE00D16B4F /* CrossbarIntegrationTests.swift in Sources */,
			);
			runOnlyForDeploymentPostprocessing = 0;
		};
		90E731C11D6F9CC900576F4E /* Sources */ = {
			isa = PBXSourcesBuildPhase;
			buildActionMask = 2147483647;
			files = (
				90E731CD1D6F9D4900576F4E /* CrossbarIntegrationTests.swift in Sources */,
			);
			runOnlyForDeploymentPostprocessing = 0;
		};
/* End PBXSourcesBuildPhase section */

/* Begin XCBuildConfiguration section */
		607FACED1AFB9204008FA782 /* Debug */ = {
			isa = XCBuildConfiguration;
			buildSettings = {
				ALWAYS_SEARCH_USER_PATHS = NO;
				CLANG_CXX_LANGUAGE_STANDARD = "gnu++0x";
				CLANG_CXX_LIBRARY = "libc++";
				CLANG_ENABLE_MODULES = YES;
				CLANG_ENABLE_OBJC_ARC = YES;
				CLANG_WARN_BLOCK_CAPTURE_AUTORELEASING = YES;
				CLANG_WARN_BOOL_CONVERSION = YES;
				CLANG_WARN_COMMA = YES;
				CLANG_WARN_CONSTANT_CONVERSION = YES;
				CLANG_WARN_DIRECT_OBJC_ISA_USAGE = YES_ERROR;
				CLANG_WARN_EMPTY_BODY = YES;
				CLANG_WARN_ENUM_CONVERSION = YES;
				CLANG_WARN_INFINITE_RECURSION = YES;
				CLANG_WARN_INT_CONVERSION = YES;
				CLANG_WARN_NON_LITERAL_NULL_CONVERSION = YES;
				CLANG_WARN_OBJC_LITERAL_CONVERSION = YES;
				CLANG_WARN_OBJC_ROOT_CLASS = YES_ERROR;
				CLANG_WARN_RANGE_LOOP_ANALYSIS = YES;
				CLANG_WARN_STRICT_PROTOTYPES = YES;
				CLANG_WARN_SUSPICIOUS_MOVE = YES;
				CLANG_WARN_UNREACHABLE_CODE = YES;
				CLANG_WARN__DUPLICATE_METHOD_MATCH = YES;
				"CODE_SIGN_IDENTITY[sdk=iphoneos*]" = "iPhone Developer";
				COPY_PHASE_STRIP = NO;
				DEBUG_INFORMATION_FORMAT = "dwarf-with-dsym";
				ENABLE_STRICT_OBJC_MSGSEND = YES;
				ENABLE_TESTABILITY = YES;
				GCC_C_LANGUAGE_STANDARD = gnu99;
				GCC_DYNAMIC_NO_PIC = NO;
				GCC_NO_COMMON_BLOCKS = YES;
				GCC_OPTIMIZATION_LEVEL = 0;
				GCC_PREPROCESSOR_DEFINITIONS = (
					"DEBUG=1",
					"$(inherited)",
				);
				GCC_SYMBOLS_PRIVATE_EXTERN = NO;
				GCC_WARN_64_TO_32_BIT_CONVERSION = YES;
				GCC_WARN_ABOUT_RETURN_TYPE = YES_ERROR;
				GCC_WARN_UNDECLARED_SELECTOR = YES;
				GCC_WARN_UNINITIALIZED_AUTOS = YES_AGGRESSIVE;
				GCC_WARN_UNUSED_FUNCTION = YES;
				GCC_WARN_UNUSED_VARIABLE = YES;
				IPHONEOS_DEPLOYMENT_TARGET = 10.0;
				MTL_ENABLE_DEBUG_INFO = YES;
				ONLY_ACTIVE_ARCH = YES;
				SDKROOT = iphoneos;
				SWIFT_OPTIMIZATION_LEVEL = "-Onone";
				SWIFT_VERSION = 4.0;
			};
			name = Debug;
		};
		607FACEE1AFB9204008FA782 /* Release */ = {
			isa = XCBuildConfiguration;
			buildSettings = {
				ALWAYS_SEARCH_USER_PATHS = NO;
				CLANG_CXX_LANGUAGE_STANDARD = "gnu++0x";
				CLANG_CXX_LIBRARY = "libc++";
				CLANG_ENABLE_MODULES = YES;
				CLANG_ENABLE_OBJC_ARC = YES;
				CLANG_WARN_BLOCK_CAPTURE_AUTORELEASING = YES;
				CLANG_WARN_BOOL_CONVERSION = YES;
				CLANG_WARN_COMMA = YES;
				CLANG_WARN_CONSTANT_CONVERSION = YES;
				CLANG_WARN_DIRECT_OBJC_ISA_USAGE = YES_ERROR;
				CLANG_WARN_EMPTY_BODY = YES;
				CLANG_WARN_ENUM_CONVERSION = YES;
				CLANG_WARN_INFINITE_RECURSION = YES;
				CLANG_WARN_INT_CONVERSION = YES;
				CLANG_WARN_NON_LITERAL_NULL_CONVERSION = YES;
				CLANG_WARN_OBJC_LITERAL_CONVERSION = YES;
				CLANG_WARN_OBJC_ROOT_CLASS = YES_ERROR;
				CLANG_WARN_RANGE_LOOP_ANALYSIS = YES;
				CLANG_WARN_STRICT_PROTOTYPES = YES;
				CLANG_WARN_SUSPICIOUS_MOVE = YES;
				CLANG_WARN_UNREACHABLE_CODE = YES;
				CLANG_WARN__DUPLICATE_METHOD_MATCH = YES;
				"CODE_SIGN_IDENTITY[sdk=iphoneos*]" = "iPhone Developer";
				COPY_PHASE_STRIP = NO;
				DEBUG_INFORMATION_FORMAT = "dwarf-with-dsym";
				ENABLE_NS_ASSERTIONS = NO;
				ENABLE_STRICT_OBJC_MSGSEND = YES;
				GCC_C_LANGUAGE_STANDARD = gnu99;
				GCC_NO_COMMON_BLOCKS = YES;
				GCC_WARN_64_TO_32_BIT_CONVERSION = YES;
				GCC_WARN_ABOUT_RETURN_TYPE = YES_ERROR;
				GCC_WARN_UNDECLARED_SELECTOR = YES;
				GCC_WARN_UNINITIALIZED_AUTOS = YES_AGGRESSIVE;
				GCC_WARN_UNUSED_FUNCTION = YES;
				GCC_WARN_UNUSED_VARIABLE = YES;
				IPHONEOS_DEPLOYMENT_TARGET = 10.0;
				MTL_ENABLE_DEBUG_INFO = NO;
				SDKROOT = iphoneos;
				SWIFT_OPTIMIZATION_LEVEL = "-Owholemodule";
				SWIFT_VERSION = 4.0;
				VALIDATE_PRODUCT = YES;
			};
			name = Release;
		};
		905F75BF1D80A36400D16B4F /* Debug */ = {
			isa = XCBuildConfiguration;
			baseConfigurationReference = DF43C6C0443AB81B62B4C950 /* Pods-Swamp_Test-OSX.debug.xcconfig */;
			buildSettings = {
				ALWAYS_EMBED_SWIFT_STANDARD_LIBRARIES = YES;
				CLANG_ANALYZER_NONNULL = YES;
				CODE_SIGN_IDENTITY = "-";
				COMBINE_HIDPI_IMAGES = YES;
				DEBUG_INFORMATION_FORMAT = dwarf;
				INFOPLIST_FILE = Tests/Info.plist;
				IPHONEOS_DEPLOYMENT_TARGET = 8.3;
				LD_RUNPATH_SEARCH_PATHS = "$(inherited) @executable_path/../Frameworks @loader_path/../Frameworks";
				MACOSX_DEPLOYMENT_TARGET = 10.11;
				PRODUCT_BUNDLE_IDENTIFIER = "com.iscriptology.Swamp-Test-OSX";
				PRODUCT_NAME = "$(TARGET_NAME)";
				SDKROOT = macosx;
				SWIFT_VERSION = 4.0;
			};
			name = Debug;
		};
		905F75C01D80A36400D16B4F /* Release */ = {
			isa = XCBuildConfiguration;
			baseConfigurationReference = D48C9723737FF36EDCB8AB1C /* Pods-Swamp_Test-OSX.release.xcconfig */;
			buildSettings = {
				ALWAYS_EMBED_SWIFT_STANDARD_LIBRARIES = YES;
				CLANG_ANALYZER_NONNULL = YES;
				CODE_SIGN_IDENTITY = "-";
				COMBINE_HIDPI_IMAGES = YES;
				INFOPLIST_FILE = Tests/Info.plist;
				IPHONEOS_DEPLOYMENT_TARGET = 8.3;
				LD_RUNPATH_SEARCH_PATHS = "$(inherited) @executable_path/../Frameworks @loader_path/../Frameworks";
				MACOSX_DEPLOYMENT_TARGET = 10.11;
				PRODUCT_BUNDLE_IDENTIFIER = "com.iscriptology.Swamp-Test-OSX";
				PRODUCT_NAME = "$(TARGET_NAME)";
				SDKROOT = macosx;
				SWIFT_VERSION = 4.0;
			};
			name = Release;
		};
		90E731CB1D6F9CC900576F4E /* Debug */ = {
			isa = XCBuildConfiguration;
			baseConfigurationReference = D8BF0BCCBA0C751329C81D1D /* Pods-Swamp_Test-iOS.debug.xcconfig */;
			buildSettings = {
				ALWAYS_EMBED_SWIFT_STANDARD_LIBRARIES = YES;
				CLANG_ANALYZER_NONNULL = YES;
				CODE_SIGN_IDENTITY = "-";
				COMBINE_HIDPI_IMAGES = YES;
				DEBUG_INFORMATION_FORMAT = dwarf;
				INFOPLIST_FILE = Tests/Info.plist;
				IPHONEOS_DEPLOYMENT_TARGET = 10.0;
				LD_RUNPATH_SEARCH_PATHS = "$(inherited) @executable_path/../Frameworks @loader_path/../Frameworks";
				MACOSX_DEPLOYMENT_TARGET = 10.11;
				PRODUCT_BUNDLE_IDENTIFIER = "com.iscriptology.Swamp-Test";
				PRODUCT_NAME = "$(TARGET_NAME)";
				SDKROOT = iphoneos;
				SWIFT_SWIFT3_OBJC_INFERENCE = On;
				SWIFT_VERSION = 4.0;
			};
			name = Debug;
		};
		90E731CC1D6F9CC900576F4E /* Release */ = {
			isa = XCBuildConfiguration;
			baseConfigurationReference = 498158551EAAE2C6131AAF9A /* Pods-Swamp_Test-iOS.release.xcconfig */;
			buildSettings = {
				ALWAYS_EMBED_SWIFT_STANDARD_LIBRARIES = YES;
				CLANG_ANALYZER_NONNULL = YES;
				CODE_SIGN_IDENTITY = "-";
				COMBINE_HIDPI_IMAGES = YES;
				INFOPLIST_FILE = Tests/Info.plist;
				IPHONEOS_DEPLOYMENT_TARGET = 10.0;
				LD_RUNPATH_SEARCH_PATHS = "$(inherited) @executable_path/../Frameworks @loader_path/../Frameworks";
				MACOSX_DEPLOYMENT_TARGET = 10.11;
				PRODUCT_BUNDLE_IDENTIFIER = "com.iscriptology.Swamp-Test";
				PRODUCT_NAME = "$(TARGET_NAME)";
				SDKROOT = iphoneos;
				SWIFT_SWIFT3_OBJC_INFERENCE = On;
				SWIFT_VERSION = 4.0;
			};
			name = Release;
		};
/* End XCBuildConfiguration section */

/* Begin XCConfigurationList section */
		607FACCB1AFB9204008FA782 /* Build configuration list for PBXProject "Swamp" */ = {
			isa = XCConfigurationList;
			buildConfigurations = (
				607FACED1AFB9204008FA782 /* Debug */,
				607FACEE1AFB9204008FA782 /* Release */,
			);
			defaultConfigurationIsVisible = 0;
			defaultConfigurationName = Release;
		};
		905F75C11D80A36400D16B4F /* Build configuration list for PBXNativeTarget "Swamp_Test-OSX" */ = {
			isa = XCConfigurationList;
			buildConfigurations = (
				905F75BF1D80A36400D16B4F /* Debug */,
				905F75C01D80A36400D16B4F /* Release */,
			);
			defaultConfigurationIsVisible = 0;
			defaultConfigurationName = Release;
		};
		90E731CA1D6F9CC900576F4E /* Build configuration list for PBXNativeTarget "Swamp_Test-iOS" */ = {
			isa = XCConfigurationList;
			buildConfigurations = (
				90E731CB1D6F9CC900576F4E /* Debug */,
				90E731CC1D6F9CC900576F4E /* Release */,
			);
			defaultConfigurationIsVisible = 0;
			defaultConfigurationName = Release;
		};
/* End XCConfigurationList section */
	};
	rootObject = 607FACC81AFB9204008FA782 /* Project object */;
}
